
Microsoft Visual Studio Solution File, Format Version 12.00
# Visual Studio Version 16
VisualStudioVersion = 16.0.29418.71
MinimumVisualStudioVersion = 10.0.40219.1
Project("{9A19103F-16F7-4668-BE54-9A1E7A4F7556}") = "ProjectGym.Infraestructure", "ProjectGym.Infraestructure\ProjectGym.Infraestructure.csproj", "{92D91B9D-F993-4435-987C-96EECDD8B16A}"
EndProject
Project("{2150E333-8FDC-42A3-9474-1A3956D46DE8}") = "1 - Presentacion", "1 - Presentacion", "{D6E96BA0-8D0F-4FF4-9ACE-846885A74FD4}"
EndProject
Project("{2150E333-8FDC-42A3-9474-1A3956D46DE8}") = "2 - Application", "2 - Application", "{AD238CCF-4BCA-455C-8BC6-CC85521B421D}"
EndProject
Project("{2150E333-8FDC-42A3-9474-1A3956D46DE8}") = "3 - Services", "3 - Services", "{2C1CAA09-6A2A-4F17-9EBF-DED7372ECFAF}"
EndProject
Project("{2150E333-8FDC-42A3-9474-1A3956D46DE8}") = "4 - Domain", "4 - Domain", "{0D33F8C2-3A51-46FA-8AA4-6AD877A89DED}"
EndProject
Project("{2150E333-8FDC-42A3-9474-1A3956D46DE8}") = "5 - Infraestructure", "5 - Infraestructure", "{AA572D68-CD8A-492D-BBDF-8A7D76EB98B8}"
EndProject
Project("{9A19103F-16F7-4668-BE54-9A1E7A4F7556}") = "ProjectGym.Application.ConnectionString", "ProjectGym.Application.ConnectionString\ProjectGym.Application.ConnectionString.csproj", "{43E928D8-5025-4EB0-AB35-A2017FE38AC3}"
EndProject
Project("{9A19103F-16F7-4668-BE54-9A1E7A4F7556}") = "ProjectGym.Domain", "ProjectGym.Domain\ProjectGym.Domain.csproj", "{2D5CF144-5351-430A-8E08-5258BC8F4301}"
EndProject
Project("{9A19103F-16F7-4668-BE54-9A1E7A4F7556}") = "ProjectGym.Service.Interface", "ProjectGym.Service.Inferface\ProjectGym.Service.Interface.csproj", "{EC416C3D-64AF-48E3-B16C-B31947CC183B}"
EndProject
Project("{9A19103F-16F7-4668-BE54-9A1E7A4F7556}") = "ProjectGym.Service.Implementation", "ProjectGym.Service.Implementation\ProjectGym.Service.Implementation.csproj", "{99A950BD-38C5-4B3B-A1F7-279B20598D87}"
EndProject
Project("{9A19103F-16F7-4668-BE54-9A1E7A4F7556}") = "ProjectGym.Application.Inyection", "ProjectGym.Application.Inyection\ProjectGym.Application.Inyection.csproj", "{9339FA1F-32E3-4322-AC30-A68B41E9FFCA}"
EndProject
Project("{9A19103F-16F7-4668-BE54-9A1E7A4F7556}") = "ProjectGym.Application.RestApi", "ProjectGym.Application.RestApi\ProjectGym.Application.RestApi.csproj", "{3661145D-F6D7-4778-8DE9-685DD91EAA8D}"
EndProject
Project("{9A19103F-16F7-4668-BE54-9A1E7A4F7556}") = "WebApplication1", "WebApplication1\WebApplication1.csproj", "{584CA194-3F8B-45F1-8064-DE634C58AC03}"
EndProject
Global
	GlobalSection(SolutionConfigurationPlatforms) = preSolution
		Debug|Any CPU = Debug|Any CPU
		Release|Any CPU = Release|Any CPU
	EndGlobalSection
	GlobalSection(ProjectConfigurationPlatforms) = postSolution
		{92D91B9D-F993-4435-987C-96EECDD8B16A}.Debug|Any CPU.ActiveCfg = Debug|Any CPU
		{92D91B9D-F993-4435-987C-96EECDD8B16A}.Debug|Any CPU.Build.0 = Debug|Any CPU
		{92D91B9D-F993-4435-987C-96EECDD8B16A}.Release|Any CPU.ActiveCfg = Release|Any CPU
		{92D91B9D-F993-4435-987C-96EECDD8B16A}.Release|Any CPU.Build.0 = Release|Any CPU
		{43E928D8-5025-4EB0-AB35-A2017FE38AC3}.Debug|Any CPU.ActiveCfg = Debug|Any CPU
		{43E928D8-5025-4EB0-AB35-A2017FE38AC3}.Debug|Any CPU.Build.0 = Debug|Any CPU
		{43E928D8-5025-4EB0-AB35-A2017FE38AC3}.Release|Any CPU.ActiveCfg = Release|Any CPU
		{43E928D8-5025-4EB0-AB35-A2017FE38AC3}.Release|Any CPU.Build.0 = Release|Any CPU
		{2D5CF144-5351-430A-8E08-5258BC8F4301}.Debug|Any CPU.ActiveCfg = Debug|Any CPU
		{2D5CF144-5351-430A-8E08-5258BC8F4301}.Debug|Any CPU.Build.0 = Debug|Any CPU
		{2D5CF144-5351-430A-8E08-5258BC8F4301}.Release|Any CPU.ActiveCfg = Release|Any CPU
		{2D5CF144-5351-430A-8E08-5258BC8F4301}.Release|Any CPU.Build.0 = Release|Any CPU
		{EC416C3D-64AF-48E3-B16C-B31947CC183B}.Debug|Any CPU.ActiveCfg = Debug|Any CPU
		{EC416C3D-64AF-48E3-B16C-B31947CC183B}.Debug|Any CPU.Build.0 = Debug|Any CPU
		{EC416C3D-64AF-48E3-B16C-B31947CC183B}.Release|Any CPU.ActiveCfg = Release|Any CPU
		{EC416C3D-64AF-48E3-B16C-B31947CC183B}.Release|Any CPU.Build.0 = Release|Any CPU
		{99A950BD-38C5-4B3B-A1F7-279B20598D87}.Debug|Any CPU.ActiveCfg = Debug|Any CPU
		{99A950BD-38C5-4B3B-A1F7-279B20598D87}.Debug|Any CPU.Build.0 = Debug|Any CPU
		{99A950BD-38C5-4B3B-A1F7-279B20598D87}.Release|Any CPU.ActiveCfg = Release|Any CPU
		{99A950BD-38C5-4B3B-A1F7-279B20598D87}.Release|Any CPU.Build.0 = Release|Any CPU
		{9339FA1F-32E3-4322-AC30-A68B41E9FFCA}.Debug|Any CPU.ActiveCfg = Debug|Any CPU
		{9339FA1F-32E3-4322-AC30-A68B41E9FFCA}.Debug|Any CPU.Build.0 = Debug|Any CPU
		{9339FA1F-32E3-4322-AC30-A68B41E9FFCA}.Release|Any CPU.ActiveCfg = Release|Any CPU
		{9339FA1F-32E3-4322-AC30-A68B41E9FFCA}.Release|Any CPU.Build.0 = Release|Any CPU
		{3661145D-F6D7-4778-8DE9-685DD91EAA8D}.Debug|Any CPU.ActiveCfg = Debug|Any CPU
		{3661145D-F6D7-4778-8DE9-685DD91EAA8D}.Debug|Any CPU.Build.0 = Debug|Any CPU
		{3661145D-F6D7-4778-8DE9-685DD91EAA8D}.Release|Any CPU.ActiveCfg = Release|Any CPU
		{3661145D-F6D7-4778-8DE9-685DD91EAA8D}.Release|Any CPU.Build.0 = Release|Any CPU
		{584CA194-3F8B-45F1-8064-DE634C58AC03}.Debug|Any CPU.ActiveCfg = Debug|Any CPU
		{584CA194-3F8B-45F1-8064-DE634C58AC03}.Debug|Any CPU.Build.0 = Debug|Any CPU
		{584CA194-3F8B-45F1-8064-DE634C58AC03}.Release|Any CPU.ActiveCfg = Release|Any CPU
		{584CA194-3F8B-45F1-8064-DE634C58AC03}.Release|Any CPU.Build.0 = Release|Any CPU
	EndGlobalSection
	GlobalSection(SolutionProperties) = preSolution
		HideSolutionNode = FALSE
	EndGlobalSection
	GlobalSection(NestedProjects) = preSolution
		{92D91B9D-F993-4435-987C-96EECDD8B16A} = {AA572D68-CD8A-492D-BBDF-8A7D76EB98B8}
		{43E928D8-5025-4EB0-AB35-A2017FE38AC3} = {AD238CCF-4BCA-455C-8BC6-CC85521B421D}
		{2D5CF144-5351-430A-8E08-5258BC8F4301} = {0D33F8C2-3A51-46FA-8AA4-6AD877A89DED}
		{EC416C3D-64AF-48E3-B16C-B31947CC183B} = {2C1CAA09-6A2A-4F17-9EBF-DED7372ECFAF}
		{99A950BD-38C5-4B3B-A1F7-279B20598D87} = {2C1CAA09-6A2A-4F17-9EBF-DED7372ECFAF}
		{9339FA1F-32E3-4322-AC30-A68B41E9FFCA} = {AD238CCF-4BCA-455C-8BC6-CC85521B421D}
		{3661145D-F6D7-4778-8DE9-685DD91EAA8D} = {AD238CCF-4BCA-455C-8BC6-CC85521B421D}
		{584CA194-3F8B-45F1-8064-DE634C58AC03} = {D6E96BA0-8D0F-4FF4-9ACE-846885A74FD4}
	EndGlobalSection
	GlobalSection(ExtensibilityGlobals) = postSolution
		SolutionGuid = {0AA2B5F1-F633-48C3-9D6D-A9DDD21CE1CD}
	EndGlobalSection
EndGlobal
